
Microsoft Visual Studio Solution File, Format Version 12.00
# Visual Studio Version 16
VisualStudioVersion = 16.0.29911.98
MinimumVisualStudioVersion = 10.0.40219.1
Project("{9A19103F-16F7-4668-BE54-9A1E7A4F7556}") = "BlazorCRUD1", "BlazorCRUD1\BlazorCRUD1.csproj", "{5ABE8EB6-D672-4888-9173-9105DBC9E77F}"
EndProject
Project("{FAE04EC0-301F-11D3-BF4B-00C04F79EFBC}") = "BlazorAppLogin", "BlazorAppLogin\BlazorAppLogin.csproj", "{5FA7E5BC-CE34-49F3-9CB9-9A6134617AE3}"
EndProject
Project("{FAE04EC0-301F-11D3-BF4B-00C04F79EFBC}") = "BlazorAppClientServer", "BlazorAppClientServer\BlazorAppClientServer.csproj", "{17945CBB-0AB7-498D-BC8F-AA47C4E7E605}"
EndProject
Project("{FAE04EC0-301F-11D3-BF4B-00C04F79EFBC}") = "BlazorAppWebAssembly.Server", "BlazorAppWebAssembly\Server\BlazorAppWebAssembly.Server.csproj", "{4937AF36-019D-4FEC-AB47-48D1FF31E4F7}"
EndProject
Project("{FAE04EC0-301F-11D3-BF4B-00C04F79EFBC}") = "BlazorAppWebAssembly.Client", "BlazorAppWebAssembly\Client\BlazorAppWebAssembly.Client.csproj", "{944B3D9E-1A87-4847-8B91-42FDB27E5659}"
EndProject
Project("{FAE04EC0-301F-11D3-BF4B-00C04F79EFBC}") = "BlazorAppWebAssembly.Shared", "BlazorAppWebAssembly\Shared\BlazorAppWebAssembly.Shared.csproj", "{68803E2C-34FE-4A33-A4BA-54A15A056983}"
EndProject
Project("{FAE04EC0-301F-11D3-BF4B-00C04F79EFBC}") = "BlazorAppServer", "BlazorAppServer\BlazorAppServer.csproj", "{BBE3CFFE-E9BA-4541-98E8-4CC6808F54C2}"
EndProject
Global
	GlobalSection(SolutionConfigurationPlatforms) = preSolution
		Debug|Any CPU = Debug|Any CPU
		Release|Any CPU = Release|Any CPU
	EndGlobalSection
	GlobalSection(ProjectConfigurationPlatforms) = postSolution
		{5ABE8EB6-D672-4888-9173-9105DBC9E77F}.Debug|Any CPU.ActiveCfg = Debug|Any CPU
		{5ABE8EB6-D672-4888-9173-9105DBC9E77F}.Debug|Any CPU.Build.0 = Debug|Any CPU
		{5ABE8EB6-D672-4888-9173-9105DBC9E77F}.Release|Any CPU.ActiveCfg = Release|Any CPU
		{5ABE8EB6-D672-4888-9173-9105DBC9E77F}.Release|Any CPU.Build.0 = Release|Any CPU
		{5FA7E5BC-CE34-49F3-9CB9-9A6134617AE3}.Debug|Any CPU.ActiveCfg = Debug|Any CPU
		{5FA7E5BC-CE34-49F3-9CB9-9A6134617AE3}.Debug|Any CPU.Build.0 = Debug|Any CPU
		{5FA7E5BC-CE34-49F3-9CB9-9A6134617AE3}.Release|Any CPU.ActiveCfg = Release|Any CPU
		{5FA7E5BC-CE34-49F3-9CB9-9A6134617AE3}.Release|Any CPU.Build.0 = Release|Any CPU
		{17945CBB-0AB7-498D-BC8F-AA47C4E7E605}.Debug|Any CPU.ActiveCfg = Debug|Any CPU
		{17945CBB-0AB7-498D-BC8F-AA47C4E7E605}.Debug|Any CPU.Build.0 = Debug|Any CPU
		{17945CBB-0AB7-498D-BC8F-AA47C4E7E605}.Release|Any CPU.ActiveCfg = Release|Any CPU
		{17945CBB-0AB7-498D-BC8F-AA47C4E7E605}.Release|Any CPU.Build.0 = Release|Any CPU
		{4937AF36-019D-4FEC-AB47-48D1FF31E4F7}.Debug|Any CPU.ActiveCfg = Debug|Any CPU
		{4937AF36-019D-4FEC-AB47-48D1FF31E4F7}.Debug|Any CPU.Build.0 = Debug|Any CPU
		{4937AF36-019D-4FEC-AB47-48D1FF31E4F7}.Release|Any CPU.ActiveCfg = Release|Any CPU
		{4937AF36-019D-4FEC-AB47-48D1FF31E4F7}.Release|Any CPU.Build.0 = Release|Any CPU
		{944B3D9E-1A87-4847-8B91-42FDB27E5659}.Debug|Any CPU.ActiveCfg = Debug|Any CPU
		{944B3D9E-1A87-4847-8B91-42FDB27E5659}.Debug|Any CPU.Build.0 = Debug|Any CPU
		{944B3D9E-1A87-4847-8B91-42FDB27E5659}.Release|Any CPU.ActiveCfg = Release|Any CPU
		{944B3D9E-1A87-4847-8B91-42FDB27E5659}.Release|Any CPU.Build.0 = Release|Any CPU
		{68803E2C-34FE-4A33-A4BA-54A15A056983}.Debug|Any CPU.ActiveCfg = Debug|Any CPU
		{68803E2C-34FE-4A33-A4BA-54A15A056983}.Debug|Any CPU.Build.0 = Debug|Any CPU
		{68803E2C-34FE-4A33-A4BA-54A15A056983}.Release|Any CPU.ActiveCfg = Release|Any CPU
		{68803E2C-34FE-4A33-A4BA-54A15A056983}.Release|Any CPU.Build.0 = Release|Any CPU
		{BBE3CFFE-E9BA-4541-98E8-4CC6808F54C2}.Debug|Any CPU.ActiveCfg = Debug|Any CPU
		{BBE3CFFE-E9BA-4541-98E8-4CC6808F54C2}.Debug|Any CPU.Build.0 = Debug|Any CPU
		{BBE3CFFE-E9BA-4541-98E8-4CC6808F54C2}.Release|Any CPU.ActiveCfg = Release|Any CPU
		{BBE3CFFE-E9BA-4541-98E8-4CC6808F54C2}.Release|Any CPU.Build.0 = Release|Any CPU
	EndGlobalSection
	GlobalSection(SolutionProperties) = preSolution
		HideSolutionNode = FALSE
	EndGlobalSection
	GlobalSection(ExtensibilityGlobals) = postSolution
		SolutionGuid = {8803D24E-C82F-494D-AB0F-54EC944D40DB}
	EndGlobalSection
EndGlobal
